
Microsoft Visual Studio Solution File, Format Version 12.00
# Visual Studio 15
VisualStudioVersion = 15.0.27703.2047
MinimumVisualStudioVersion = 10.0.40219.1
Project("{FAE04EC0-301F-11D3-BF4B-00C04F79EFBC}") = "serialportWebservice", "serialportWebservice\serialportWebservice.csproj", "{B10CB423-D3DB-4A76-94FB-B7B7D1513DC0}"
EndProject
Project("{FAE04EC0-301F-11D3-BF4B-00C04F79EFBC}") = "ConsoleConfigService", "ConsoleConfigService\ConsoleConfigService.csproj", "{B50A2EC7-108F-4199-940E-A914DC70573B}"
EndProject
Global
	GlobalSection(SolutionConfigurationPlatforms) = preSolution
		Debug|Any CPU = Debug|Any CPU
		Release|Any CPU = Release|Any CPU
	EndGlobalSection
	GlobalSection(ProjectConfigurationPlatforms) = postSolution
		{B10CB423-D3DB-4A76-94FB-B7B7D1513DC0}.Debug|Any CPU.ActiveCfg = Debug|Any CPU
		{B10CB423-D3DB-4A76-94FB-B7B7D1513DC0}.Debug|Any CPU.Build.0 = Debug|Any CPU
		{B10CB423-D3DB-4A76-94FB-B7B7D1513DC0}.Release|Any CPU.ActiveCfg = Release|Any CPU
		{B10CB423-D3DB-4A76-94FB-B7B7D1513DC0}.Release|Any CPU.Build.0 = Release|Any CPU
		{B50A2EC7-108F-4199-940E-A914DC70573B}.Debug|Any CPU.ActiveCfg = Debug|Any CPU
		{B50A2EC7-108F-4199-940E-A914DC70573B}.Debug|Any CPU.Build.0 = Debug|Any CPU
		{B50A2EC7-108F-4199-940E-A914DC70573B}.Release|Any CPU.ActiveCfg = Release|Any CPU
		{B50A2EC7-108F-4199-940E-A914DC70573B}.Release|Any CPU.Build.0 = Release|Any CPU
	EndGlobalSection
	GlobalSection(SolutionProperties) = preSolution
		HideSolutionNode = FALSE
	EndGlobalSection
	GlobalSection(ExtensibilityGlobals) = postSolution
		SolutionGuid = {C78D9735-5045-4677-B6FE-3511AE7DC2C1}
	EndGlobalSection
EndGlobal
